
Microsoft Visual Studio Solution File, Format Version 12.00
# Visual Studio Version 17
VisualStudioVersion = 17.10.35004.147
MinimumVisualStudioVersion = 10.0.40219.1
Project("{FAE04EC0-301F-11D3-BF4B-00C04F79EFBC}") = "Solution 2 - Base on LeetCode Solutions Using DFS", "Solution 2 - Base on LeetCode Solutions Using DFS.csproj", "{72988821-EC7E-41CB-A756-9D0625385026}"
EndProject
Global
	GlobalSection(SolutionConfigurationPlatforms) = preSolution
		Debug|Any CPU = Debug|Any CPU
		Release|Any CPU = Release|Any CPU
	EndGlobalSection
	GlobalSection(ProjectConfigurationPlatforms) = postSolution
		{72988821-EC7E-41CB-A756-9D0625385026}.Debug|Any CPU.ActiveCfg = Debug|Any CPU
		{72988821-EC7E-41CB-A756-9D0625385026}.Debug|Any CPU.Build.0 = Debug|Any CPU
		{72988821-EC7E-41CB-A756-9D0625385026}.Release|Any CPU.ActiveCfg = Release|Any CPU
		{72988821-EC7E-41CB-A756-9D0625385026}.Release|Any CPU.Build.0 = Release|Any CPU
	EndGlobalSection
	GlobalSection(SolutionProperties) = preSolution
		HideSolutionNode = FALSE
	EndGlobalSection
	GlobalSection(ExtensibilityGlobals) = postSolution
		SolutionGuid = {B5775A7B-48DD-4180-B175-0F4E705D40E0}
	EndGlobalSection
EndGlobal
