
Microsoft Visual Studio Solution File, Format Version 12.00
# Visual Studio Version 17
VisualStudioVersion = 17.10.35004.147
MinimumVisualStudioVersion = 10.0.40219.1
Project("{FAE04EC0-301F-11D3-BF4B-00C04F79EFBC}") = "Score of a String", "Score of a String.csproj", "{F5C93440-94C4-4660-BE41-8B0E0AA2443A}"
EndProject
Global
	GlobalSection(SolutionConfigurationPlatforms) = preSolution
		Debug|Any CPU = Debug|Any CPU
		Release|Any CPU = Release|Any CPU
	EndGlobalSection
	GlobalSection(ProjectConfigurationPlatforms) = postSolution
		{F5C93440-94C4-4660-BE41-8B0E0AA2443A}.Debug|Any CPU.ActiveCfg = Debug|Any CPU
		{F5C93440-94C4-4660-BE41-8B0E0AA2443A}.Debug|Any CPU.Build.0 = Debug|Any CPU
		{F5C93440-94C4-4660-BE41-8B0E0AA2443A}.Release|Any CPU.ActiveCfg = Release|Any CPU
		{F5C93440-94C4-4660-BE41-8B0E0AA2443A}.Release|Any CPU.Build.0 = Release|Any CPU
	EndGlobalSection
	GlobalSection(SolutionProperties) = preSolution
		HideSolutionNode = FALSE
	EndGlobalSection
	GlobalSection(ExtensibilityGlobals) = postSolution
		SolutionGuid = {77E6743D-849E-4285-A5EC-2CDAF064D1FE}
	EndGlobalSection
EndGlobal
