
Microsoft Visual Studio Solution File, Format Version 12.00
# Visual Studio Version 17
VisualStudioVersion = 17.10.35004.147
MinimumVisualStudioVersion = 10.0.40219.1
Project("{FAE04EC0-301F-11D3-BF4B-00C04F79EFBC}") = "Flipping an Image", "Flipping an Image.csproj", "{B5B758F5-FDF1-43F6-AC38-6F89737F8661}"
EndProject
Global
	GlobalSection(SolutionConfigurationPlatforms) = preSolution
		Debug|Any CPU = Debug|Any CPU
		Release|Any CPU = Release|Any CPU
	EndGlobalSection
	GlobalSection(ProjectConfigurationPlatforms) = postSolution
		{B5B758F5-FDF1-43F6-AC38-6F89737F8661}.Debug|Any CPU.ActiveCfg = Debug|Any CPU
		{B5B758F5-FDF1-43F6-AC38-6F89737F8661}.Debug|Any CPU.Build.0 = Debug|Any CPU
		{B5B758F5-FDF1-43F6-AC38-6F89737F8661}.Release|Any CPU.ActiveCfg = Release|Any CPU
		{B5B758F5-FDF1-43F6-AC38-6F89737F8661}.Release|Any CPU.Build.0 = Release|Any CPU
	EndGlobalSection
	GlobalSection(SolutionProperties) = preSolution
		HideSolutionNode = FALSE
	EndGlobalSection
	GlobalSection(ExtensibilityGlobals) = postSolution
		SolutionGuid = {D0E56388-2CC2-4C4E-B6E9-0C006C1B69DB}
	EndGlobalSection
EndGlobal
