
Microsoft Visual Studio Solution File, Format Version 12.00
# Visual Studio Version 17
VisualStudioVersion = 17.10.35004.147
MinimumVisualStudioVersion = 10.0.40219.1
Project("{FAE04EC0-301F-11D3-BF4B-00C04F79EFBC}") = "Largest Time for Given Digits", "Largest Time for Given Digits.csproj", "{942C9773-F006-43D6-90DB-3F6930942F62}"
EndProject
Global
	GlobalSection(SolutionConfigurationPlatforms) = preSolution
		Debug|Any CPU = Debug|Any CPU
		Release|Any CPU = Release|Any CPU
	EndGlobalSection
	GlobalSection(ProjectConfigurationPlatforms) = postSolution
		{942C9773-F006-43D6-90DB-3F6930942F62}.Debug|Any CPU.ActiveCfg = Debug|Any CPU
		{942C9773-F006-43D6-90DB-3F6930942F62}.Debug|Any CPU.Build.0 = Debug|Any CPU
		{942C9773-F006-43D6-90DB-3F6930942F62}.Release|Any CPU.ActiveCfg = Release|Any CPU
		{942C9773-F006-43D6-90DB-3F6930942F62}.Release|Any CPU.Build.0 = Release|Any CPU
	EndGlobalSection
	GlobalSection(SolutionProperties) = preSolution
		HideSolutionNode = FALSE
	EndGlobalSection
	GlobalSection(ExtensibilityGlobals) = postSolution
		SolutionGuid = {B58E0076-FC0F-4C0B-A07A-834418FF8606}
	EndGlobalSection
EndGlobal
